
Microsoft Visual Studio Solution File, Format Version 12.00
# Visual Studio 2013
VisualStudioVersion = 12.0.31101.0
MinimumVisualStudioVersion = 10.0.40219.1
Project("{CC5FD16D-436D-48AD-A40C-5A424C6E3E79}") = "AzureMassTransitToy", "AzureMassTransitToy\AzureMassTransitToy.ccproj", "{AE55E668-8B9C-4EAF-ADD2-7164AB1E8620}"
EndProject
Project("{F2A71F9B-5D33-465A-A702-920D77279786}") = "Producer", "Producer\Producer.fsproj", "{64AF1B98-696F-4F85-AC92-43F672A06DAD}"
EndProject
Project("{F2A71F9B-5D33-465A-A702-920D77279786}") = "ConsumerA", "ConsumerA\ConsumerA.fsproj", "{38758480-5F52-464F-A6E4-4FA1C7DCE137}"
EndProject
Project("{F2A71F9B-5D33-465A-A702-920D77279786}") = "ConsumerB", "ConsumerB\ConsumerB.fsproj", "{79640D24-0923-4809-8C8B-4BA34217C3BE}"
EndProject
Global
	GlobalSection(SolutionConfigurationPlatforms) = preSolution
		Debug|Any CPU = Debug|Any CPU
		Release|Any CPU = Release|Any CPU
	EndGlobalSection
	GlobalSection(ProjectConfigurationPlatforms) = postSolution
		{AE55E668-8B9C-4EAF-ADD2-7164AB1E8620}.Debug|Any CPU.ActiveCfg = Debug|Any CPU
		{AE55E668-8B9C-4EAF-ADD2-7164AB1E8620}.Debug|Any CPU.Build.0 = Debug|Any CPU
		{AE55E668-8B9C-4EAF-ADD2-7164AB1E8620}.Release|Any CPU.ActiveCfg = Release|Any CPU
		{AE55E668-8B9C-4EAF-ADD2-7164AB1E8620}.Release|Any CPU.Build.0 = Release|Any CPU
		{64AF1B98-696F-4F85-AC92-43F672A06DAD}.Debug|Any CPU.ActiveCfg = Debug|Any CPU
		{64AF1B98-696F-4F85-AC92-43F672A06DAD}.Debug|Any CPU.Build.0 = Debug|Any CPU
		{64AF1B98-696F-4F85-AC92-43F672A06DAD}.Release|Any CPU.ActiveCfg = Release|Any CPU
		{64AF1B98-696F-4F85-AC92-43F672A06DAD}.Release|Any CPU.Build.0 = Release|Any CPU
		{38758480-5F52-464F-A6E4-4FA1C7DCE137}.Debug|Any CPU.ActiveCfg = Debug|Any CPU
		{38758480-5F52-464F-A6E4-4FA1C7DCE137}.Debug|Any CPU.Build.0 = Debug|Any CPU
		{38758480-5F52-464F-A6E4-4FA1C7DCE137}.Release|Any CPU.ActiveCfg = Release|Any CPU
		{38758480-5F52-464F-A6E4-4FA1C7DCE137}.Release|Any CPU.Build.0 = Release|Any CPU
		{79640D24-0923-4809-8C8B-4BA34217C3BE}.Debug|Any CPU.ActiveCfg = Debug|Any CPU
		{79640D24-0923-4809-8C8B-4BA34217C3BE}.Debug|Any CPU.Build.0 = Debug|Any CPU
		{79640D24-0923-4809-8C8B-4BA34217C3BE}.Release|Any CPU.ActiveCfg = Release|Any CPU
		{79640D24-0923-4809-8C8B-4BA34217C3BE}.Release|Any CPU.Build.0 = Release|Any CPU
	EndGlobalSection
	GlobalSection(SolutionProperties) = preSolution
		HideSolutionNode = FALSE
	EndGlobalSection
EndGlobal
